// !$*UTF8*$!
{
	archiveVersion = 1;
	classes = {
	};
	objectVersion = 56;
	objects = {

/* Begin PBXBuildFile section */
		D21ADEA129D842EF0019359B /* UserInfo.swift in Sources */ = {isa = PBXBuildFile; fileRef = D21ADEA029D842EF0019359B /* UserInfo.swift */; };
		D21ADEA329D881BF0019359B /* MovieSearchLoginViewController.swift in Sources */ = {isa = PBXBuildFile; fileRef = D21ADEA229D881BF0019359B /* MovieSearchLoginViewController.swift */; };
		D21ADEA629D8841C0019359B /* MovieSearchTextField.swift in Sources */ = {isa = PBXBuildFile; fileRef = D21ADEA529D8841C0019359B /* MovieSearchTextField.swift */; };
		D21ADEA829D8927C0019359B /* MovieSearchSignUpViewContoller.swift in Sources */ = {isa = PBXBuildFile; fileRef = D21ADEA729D8927C0019359B /* MovieSearchSignUpViewContoller.swift */; };
		D21ADEAA29D8AA3C0019359B /* UIViewController + Ext.swift in Sources */ = {isa = PBXBuildFile; fileRef = D21ADEA929D8AA3C0019359B /* UIViewController + Ext.swift */; };
		D21ADEAC29D8C7240019359B /* MovieSearchPlainLabel.swift in Sources */ = {isa = PBXBuildFile; fileRef = D21ADEAB29D8C7240019359B /* MovieSearchPlainLabel.swift */; };
		D23E89FA29DAF05E00B2E4F2 /* PhotoFileManager.swift in Sources */ = {isa = PBXBuildFile; fileRef = D23E89F929DAF05E00B2E4F2 /* PhotoFileManager.swift */; };
		D23FD78129D97E0C00C52763 /* WarningMessage.swift in Sources */ = {isa = PBXBuildFile; fileRef = D23FD78029D97E0C00C52763 /* WarningMessage.swift */; };
		D24CAAD929D73146001EBC65 /* User.swift in Sources */ = {isa = PBXBuildFile; fileRef = D24CAAD829D73146001EBC65 /* User.swift */; };
		D24CAADB29D731EF001EBC65 /* PersistenceManager.swift in Sources */ = {isa = PBXBuildFile; fileRef = D24CAADA29D731EF001EBC65 /* PersistenceManager.swift */; };
		D24CAADD29D7469E001EBC65 /* MovieSearchProfileImageView.swift in Sources */ = {isa = PBXBuildFile; fileRef = D24CAADC29D7469E001EBC65 /* MovieSearchProfileImageView.swift */; };
		D24CAAE029D75277001EBC65 /* MovieSearchStackView.swift in Sources */ = {isa = PBXBuildFile; fileRef = D24CAADF29D75277001EBC65 /* MovieSearchStackView.swift */; };
		D24CAAE429D7733B001EBC65 /* UIView + Ext.swift in Sources */ = {isa = PBXBuildFile; fileRef = D24CAAE329D7733B001EBC65 /* UIView + Ext.swift */; };
		D268766E29D5870600B468E2 /* SearchTableViewCell.swift in Sources */ = {isa = PBXBuildFile; fileRef = D268766D29D5870600B468E2 /* SearchTableViewCell.swift */; };
		D268767229D5919700B468E2 /* MovieSearchTitleLabel.swift in Sources */ = {isa = PBXBuildFile; fileRef = D268767129D5919700B468E2 /* MovieSearchTitleLabel.swift */; };
		D268767529D5937600B468E2 /* MovieSearchImageView.swift in Sources */ = {isa = PBXBuildFile; fileRef = D268767429D5937600B468E2 /* MovieSearchImageView.swift */; };
		D268767729D59B3200B468E2 /* MovieSearchBodyLabel.swift in Sources */ = {isa = PBXBuildFile; fileRef = D268767629D59B3200B468E2 /* MovieSearchBodyLabel.swift */; };
		D268767A29D5A49700B468E2 /* String + Ext.swift in Sources */ = {isa = PBXBuildFile; fileRef = D268767929D5A49700B468E2 /* String + Ext.swift */; };
		D268767C29D5A4DD00B468E2 /* Date + Ext.swift in Sources */ = {isa = PBXBuildFile; fileRef = D268767B29D5A4DD00B468E2 /* Date + Ext.swift */; };
		D2CC2E1729D49B4600E45A9E /* AppDelegate.swift in Sources */ = {isa = PBXBuildFile; fileRef = D2CC2E1629D49B4600E45A9E /* AppDelegate.swift */; };
		D2CC2E1929D49B4600E45A9E /* SceneDelegate.swift in Sources */ = {isa = PBXBuildFile; fileRef = D2CC2E1829D49B4600E45A9E /* SceneDelegate.swift */; };
		D2CC2E1B29D49B4600E45A9E /* MainViewController.swift in Sources */ = {isa = PBXBuildFile; fileRef = D2CC2E1A29D49B4600E45A9E /* MainViewController.swift */; };
		D2CC2E2029D49B4700E45A9E /* Assets.xcassets in Resources */ = {isa = PBXBuildFile; fileRef = D2CC2E1F29D49B4700E45A9E /* Assets.xcassets */; };
		D2CC2E2329D49B4700E45A9E /* LaunchScreen.storyboard in Resources */ = {isa = PBXBuildFile; fileRef = D2CC2E2129D49B4700E45A9E /* LaunchScreen.storyboard */; };
		D2CC2E3029D4A18900E45A9E /* SearchTabBarController.swift in Sources */ = {isa = PBXBuildFile; fileRef = D2CC2E2F29D4A18900E45A9E /* SearchTabBarController.swift */; };
		D2CC2E3229D4C01200E45A9E /* FavouritesViewController.swift in Sources */ = {isa = PBXBuildFile; fileRef = D2CC2E3129D4C01200E45A9E /* FavouritesViewController.swift */; };
		D2CC2E3429D4C06500E45A9E /* ProfileViewController.swift in Sources */ = {isa = PBXBuildFile; fileRef = D2CC2E3329D4C06500E45A9E /* ProfileViewController.swift */; };
		D2CC2E3729D4C32E00E45A9E /* SFSymbols.swift in Sources */ = {isa = PBXBuildFile; fileRef = D2CC2E3629D4C32E00E45A9E /* SFSymbols.swift */; };
		D2CC2E3B29D4CF1600E45A9E /* ViewContollerTag.swift in Sources */ = {isa = PBXBuildFile; fileRef = D2CC2E3A29D4CF1600E45A9E /* ViewContollerTag.swift */; };
		D2CC2E3E29D4D45300E45A9E /* NetworkManager.swift in Sources */ = {isa = PBXBuildFile; fileRef = D2CC2E3D29D4D45300E45A9E /* NetworkManager.swift */; };
		D2CC2E4029D4D62100E45A9E /* MoviesList.swift in Sources */ = {isa = PBXBuildFile; fileRef = D2CC2E3F29D4D62100E45A9E /* MoviesList.swift */; };
		D2CC2E4229D4D81900E45A9E /* MovieInfo.swift in Sources */ = {isa = PBXBuildFile; fileRef = D2CC2E4129D4D81900E45A9E /* MovieInfo.swift */; };
		D2CC2E4429D4DA2E00E45A9E /* MovieSearchError.swift in Sources */ = {isa = PBXBuildFile; fileRef = D2CC2E4329D4DA2E00E45A9E /* MovieSearchError.swift */; };
		D2FA876C29D5F26800D39A3F /* MovieDescriptionViewController.swift in Sources */ = {isa = PBXBuildFile; fileRef = D2FA876B29D5F26800D39A3F /* MovieDescriptionViewController.swift */; };
		D2FA876F29D6204700D39A3F /* MovieSearchButton.swift in Sources */ = {isa = PBXBuildFile; fileRef = D2FA876E29D6204700D39A3F /* MovieSearchButton.swift */; };
/* End PBXBuildFile section */

/* Begin PBXFileReference section */
		D21ADEA029D842EF0019359B /* UserInfo.swift */ = {isa = PBXFileReference; lastKnownFileType = sourcecode.swift; path = UserInfo.swift; sourceTree = "<group>"; };
		D21ADEA229D881BF0019359B /* MovieSearchLoginViewController.swift */ = {isa = PBXFileReference; lastKnownFileType = sourcecode.swift; path = MovieSearchLoginViewController.swift; sourceTree = "<group>"; };
		D21ADEA529D8841C0019359B /* MovieSearchTextField.swift */ = {isa = PBXFileReference; lastKnownFileType = sourcecode.swift; path = MovieSearchTextField.swift; sourceTree = "<group>"; };
		D21ADEA729D8927C0019359B /* MovieSearchSignUpViewContoller.swift */ = {isa = PBXFileReference; lastKnownFileType = sourcecode.swift; path = MovieSearchSignUpViewContoller.swift; sourceTree = "<group>"; };
		D21ADEA929D8AA3C0019359B /* UIViewController + Ext.swift */ = {isa = PBXFileReference; lastKnownFileType = sourcecode.swift; path = "UIViewController + Ext.swift"; sourceTree = "<group>"; };
		D21ADEAB29D8C7240019359B /* MovieSearchPlainLabel.swift */ = {isa = PBXFileReference; lastKnownFileType = sourcecode.swift; path = MovieSearchPlainLabel.swift; sourceTree = "<group>"; };
		D23E89F929DAF05E00B2E4F2 /* PhotoFileManager.swift */ = {isa = PBXFileReference; lastKnownFileType = sourcecode.swift; path = PhotoFileManager.swift; sourceTree = "<group>"; };
		D23FD78029D97E0C00C52763 /* WarningMessage.swift */ = {isa = PBXFileReference; lastKnownFileType = sourcecode.swift; path = WarningMessage.swift; sourceTree = "<group>"; };
		D24CAAD829D73146001EBC65 /* User.swift */ = {isa = PBXFileReference; lastKnownFileType = sourcecode.swift; path = User.swift; sourceTree = "<group>"; };
		D24CAADA29D731EF001EBC65 /* PersistenceManager.swift */ = {isa = PBXFileReference; lastKnownFileType = sourcecode.swift; path = PersistenceManager.swift; sourceTree = "<group>"; };
		D24CAADC29D7469E001EBC65 /* MovieSearchProfileImageView.swift */ = {isa = PBXFileReference; lastKnownFileType = sourcecode.swift; path = MovieSearchProfileImageView.swift; sourceTree = "<group>"; };
		D24CAADF29D75277001EBC65 /* MovieSearchStackView.swift */ = {isa = PBXFileReference; lastKnownFileType = sourcecode.swift; path = MovieSearchStackView.swift; sourceTree = "<group>"; };
		D24CAAE329D7733B001EBC65 /* UIView + Ext.swift */ = {isa = PBXFileReference; lastKnownFileType = sourcecode.swift; path = "UIView + Ext.swift"; sourceTree = "<group>"; };
		D268766D29D5870600B468E2 /* SearchTableViewCell.swift */ = {isa = PBXFileReference; lastKnownFileType = sourcecode.swift; path = SearchTableViewCell.swift; sourceTree = "<group>"; };
		D268767129D5919700B468E2 /* MovieSearchTitleLabel.swift */ = {isa = PBXFileReference; lastKnownFileType = sourcecode.swift; path = MovieSearchTitleLabel.swift; sourceTree = "<group>"; };
		D268767429D5937600B468E2 /* MovieSearchImageView.swift */ = {isa = PBXFileReference; lastKnownFileType = sourcecode.swift; path = MovieSearchImageView.swift; sourceTree = "<group>"; };
		D268767629D59B3200B468E2 /* MovieSearchBodyLabel.swift */ = {isa = PBXFileReference; lastKnownFileType = sourcecode.swift; path = MovieSearchBodyLabel.swift; sourceTree = "<group>"; };
		D268767929D5A49700B468E2 /* String + Ext.swift */ = {isa = PBXFileReference; lastKnownFileType = sourcecode.swift; path = "String + Ext.swift"; sourceTree = "<group>"; };
		D268767B29D5A4DD00B468E2 /* Date + Ext.swift */ = {isa = PBXFileReference; lastKnownFileType = sourcecode.swift; path = "Date + Ext.swift"; sourceTree = "<group>"; };
		D2CC2E1329D49B4600E45A9E /* MovieSearch.app */ = {isa = PBXFileReference; explicitFileType = wrapper.application; includeInIndex = 0; path = MovieSearch.app; sourceTree = BUILT_PRODUCTS_DIR; };
		D2CC2E1629D49B4600E45A9E /* AppDelegate.swift */ = {isa = PBXFileReference; lastKnownFileType = sourcecode.swift; path = AppDelegate.swift; sourceTree = "<group>"; };
		D2CC2E1829D49B4600E45A9E /* SceneDelegate.swift */ = {isa = PBXFileReference; lastKnownFileType = sourcecode.swift; path = SceneDelegate.swift; sourceTree = "<group>"; };
		D2CC2E1A29D49B4600E45A9E /* MainViewController.swift */ = {isa = PBXFileReference; lastKnownFileType = sourcecode.swift; path = MainViewController.swift; sourceTree = "<group>"; };
		D2CC2E1F29D49B4700E45A9E /* Assets.xcassets */ = {isa = PBXFileReference; lastKnownFileType = folder.assetcatalog; path = Assets.xcassets; sourceTree = "<group>"; };
		D2CC2E2229D49B4700E45A9E /* Base */ = {isa = PBXFileReference; lastKnownFileType = file.storyboard; name = Base; path = Base.lproj/LaunchScreen.storyboard; sourceTree = "<group>"; };
		D2CC2E2429D49B4700E45A9E /* Info.plist */ = {isa = PBXFileReference; lastKnownFileType = text.plist.xml; path = Info.plist; sourceTree = "<group>"; };
		D2CC2E2F29D4A18900E45A9E /* SearchTabBarController.swift */ = {isa = PBXFileReference; lastKnownFileType = sourcecode.swift; path = SearchTabBarController.swift; sourceTree = "<group>"; };
		D2CC2E3129D4C01200E45A9E /* FavouritesViewController.swift */ = {isa = PBXFileReference; lastKnownFileType = sourcecode.swift; path = FavouritesViewController.swift; sourceTree = "<group>"; };
		D2CC2E3329D4C06500E45A9E /* ProfileViewController.swift */ = {isa = PBXFileReference; lastKnownFileType = sourcecode.swift; path = ProfileViewController.swift; sourceTree = "<group>"; };
		D2CC2E3629D4C32E00E45A9E /* SFSymbols.swift */ = {isa = PBXFileReference; lastKnownFileType = sourcecode.swift; path = SFSymbols.swift; sourceTree = "<group>"; };
		D2CC2E3A29D4CF1600E45A9E /* ViewContollerTag.swift */ = {isa = PBXFileReference; lastKnownFileType = sourcecode.swift; path = ViewContollerTag.swift; sourceTree = "<group>"; };
		D2CC2E3D29D4D45300E45A9E /* NetworkManager.swift */ = {isa = PBXFileReference; lastKnownFileType = sourcecode.swift; path = NetworkManager.swift; sourceTree = "<group>"; };
		D2CC2E3F29D4D62100E45A9E /* MoviesList.swift */ = {isa = PBXFileReference; lastKnownFileType = sourcecode.swift; path = MoviesList.swift; sourceTree = "<group>"; };
		D2CC2E4129D4D81900E45A9E /* MovieInfo.swift */ = {isa = PBXFileReference; lastKnownFileType = sourcecode.swift; path = MovieInfo.swift; sourceTree = "<group>"; };
		D2CC2E4329D4DA2E00E45A9E /* MovieSearchError.swift */ = {isa = PBXFileReference; lastKnownFileType = sourcecode.swift; path = MovieSearchError.swift; sourceTree = "<group>"; };
		D2FA876B29D5F26800D39A3F /* MovieDescriptionViewController.swift */ = {isa = PBXFileReference; lastKnownFileType = sourcecode.swift; path = MovieDescriptionViewController.swift; sourceTree = "<group>"; };
		D2FA876E29D6204700D39A3F /* MovieSearchButton.swift */ = {isa = PBXFileReference; lastKnownFileType = sourcecode.swift; path = MovieSearchButton.swift; sourceTree = "<group>"; };
/* End PBXFileReference section */

/* Begin PBXFrameworksBuildPhase section */
		D2CC2E1029D49B4600E45A9E /* Frameworks */ = {
			isa = PBXFrameworksBuildPhase;
			buildActionMask = 2147483647;
			files = (
			);
			runOnlyForDeploymentPostprocessing = 0;
		};
/* End PBXFrameworksBuildPhase section */

/* Begin PBXGroup section */
		D21ADEA429D8840B0019359B /* TextField */ = {
			isa = PBXGroup;
			children = (
				D21ADEA529D8841C0019359B /* MovieSearchTextField.swift */,
			);
			path = TextField;
			sourceTree = "<group>";
		};
		D23E89F829DAD14D00B2E4F2 /* Enum */ = {
			isa = PBXGroup;
			children = (
				D2CC2E3629D4C32E00E45A9E /* SFSymbols.swift */,
				D2CC2E3A29D4CF1600E45A9E /* ViewContollerTag.swift */,
				D2CC2E4329D4DA2E00E45A9E /* MovieSearchError.swift */,
				D23FD78029D97E0C00C52763 /* WarningMessage.swift */,
			);
			path = Enum;
			sourceTree = "<group>";
		};
		D24CAADE29D75261001EBC65 /* StackView */ = {
			isa = PBXGroup;
			children = (
				D24CAADF29D75277001EBC65 /* MovieSearchStackView.swift */,
			);
			path = StackView;
			sourceTree = "<group>";
		};
		D268766C29D586D800B468E2 /* Cell */ = {
			isa = PBXGroup;
			children = (
				D268766D29D5870600B468E2 /* SearchTableViewCell.swift */,
			);
			path = Cell;
			sourceTree = "<group>";
		};
		D268766F29D5917100B468E2 /* Label */ = {
			isa = PBXGroup;
			children = (
				D268767129D5919700B468E2 /* MovieSearchTitleLabel.swift */,
				D268767629D59B3200B468E2 /* MovieSearchBodyLabel.swift */,
				D21ADEAB29D8C7240019359B /* MovieSearchPlainLabel.swift */,
			);
			path = Label;
			sourceTree = "<group>";
		};
		D268767329D5936700B468E2 /* ImageView */ = {
			isa = PBXGroup;
			children = (
				D268767429D5937600B468E2 /* MovieSearchImageView.swift */,
				D24CAADC29D7469E001EBC65 /* MovieSearchProfileImageView.swift */,
			);
			path = ImageView;
			sourceTree = "<group>";
		};
		D268767829D5A48600B468E2 /* Extensions */ = {
			isa = PBXGroup;
			children = (
				D268767929D5A49700B468E2 /* String + Ext.swift */,
				D268767B29D5A4DD00B468E2 /* Date + Ext.swift */,
				D24CAAE329D7733B001EBC65 /* UIView + Ext.swift */,
				D21ADEA929D8AA3C0019359B /* UIViewController + Ext.swift */,
			);
			path = Extensions;
			sourceTree = "<group>";
		};
		D2CC2E0A29D49B4600E45A9E = {
			isa = PBXGroup;
			children = (
				D2CC2E1529D49B4600E45A9E /* MovieSearch */,
				D2CC2E1429D49B4600E45A9E /* Products */,
			);
			sourceTree = "<group>";
		};
		D2CC2E1429D49B4600E45A9E /* Products */ = {
			isa = PBXGroup;
			children = (
				D2CC2E1329D49B4600E45A9E /* MovieSearch.app */,
			);
			name = Products;
			sourceTree = "<group>";
		};
		D2CC2E1529D49B4600E45A9E /* MovieSearch */ = {
			isa = PBXGroup;
			children = (
				D268767829D5A48600B468E2 /* Extensions */,
				D2CC2E3C29D4D43F00E45A9E /* Manager */,
				D2CC2E3529D4C30F00E45A9E /* Common */,
				D2CC2E2A29D49C1000E45A9E /* Model */,
				D2CC2E2B29D49C1500E45A9E /* View */,
				D2CC2E2C29D49C1E00E45A9E /* Controller */,
				D2CC2E2D29D49C2500E45A9E /* App */,
				D2CC2E2E29D49C2900E45A9E /* SupportFiles */,
				D2CC2E2429D49B4700E45A9E /* Info.plist */,
			);
			path = MovieSearch;
			sourceTree = "<group>";
		};
		D2CC2E2A29D49C1000E45A9E /* Model */ = {
			isa = PBXGroup;
			children = (
				D2CC2E3F29D4D62100E45A9E /* MoviesList.swift */,
				D2CC2E4129D4D81900E45A9E /* MovieInfo.swift */,
				D24CAAD829D73146001EBC65 /* User.swift */,
				D21ADEA029D842EF0019359B /* UserInfo.swift */,
			);
			path = Model;
			sourceTree = "<group>";
		};
		D2CC2E2B29D49C1500E45A9E /* View */ = {
			isa = PBXGroup;
			children = (
				D21ADEA429D8840B0019359B /* TextField */,
				D24CAADE29D75261001EBC65 /* StackView */,
				D2FA876D29D6202300D39A3F /* Button */,
				D268767329D5936700B468E2 /* ImageView */,
				D268766F29D5917100B468E2 /* Label */,
				D268766C29D586D800B468E2 /* Cell */,
			);
			path = View;
			sourceTree = "<group>";
		};
		D2CC2E2C29D49C1E00E45A9E /* Controller */ = {
			isa = PBXGroup;
			children = (
				D21ADEA729D8927C0019359B /* MovieSearchSignUpViewContoller.swift */,
				D21ADEA229D881BF0019359B /* MovieSearchLoginViewController.swift */,
				D2CC2E2F29D4A18900E45A9E /* SearchTabBarController.swift */,
				D2CC2E1A29D49B4600E45A9E /* MainViewController.swift */,
				D2CC2E3129D4C01200E45A9E /* FavouritesViewController.swift */,
				D2CC2E3329D4C06500E45A9E /* ProfileViewController.swift */,
				D2FA876B29D5F26800D39A3F /* MovieDescriptionViewController.swift */,
			);
			path = Controller;
			sourceTree = "<group>";
		};
		D2CC2E2D29D49C2500E45A9E /* App */ = {
			isa = PBXGroup;
			children = (
				D2CC2E1829D49B4600E45A9E /* SceneDelegate.swift */,
				D2CC2E1629D49B4600E45A9E /* AppDelegate.swift */,
			);
			path = App;
			sourceTree = "<group>";
		};
		D2CC2E2E29D49C2900E45A9E /* SupportFiles */ = {
			isa = PBXGroup;
			children = (
				D2CC2E1F29D49B4700E45A9E /* Assets.xcassets */,
				D2CC2E2129D49B4700E45A9E /* LaunchScreen.storyboard */,
			);
			path = SupportFiles;
			sourceTree = "<group>";
		};
		D2CC2E3529D4C30F00E45A9E /* Common */ = {
			isa = PBXGroup;
			children = (
				D23E89F829DAD14D00B2E4F2 /* Enum */,
			);
			path = Common;
			sourceTree = "<group>";
		};
		D2CC2E3C29D4D43F00E45A9E /* Manager */ = {
			isa = PBXGroup;
			children = (
				D2CC2E3D29D4D45300E45A9E /* NetworkManager.swift */,
				D24CAADA29D731EF001EBC65 /* PersistenceManager.swift */,
				D23E89F929DAF05E00B2E4F2 /* PhotoFileManager.swift */,
			);
			path = Manager;
			sourceTree = "<group>";
		};
		D2FA876D29D6202300D39A3F /* Button */ = {
			isa = PBXGroup;
			children = (
				D2FA876E29D6204700D39A3F /* MovieSearchButton.swift */,
			);
			path = Button;
			sourceTree = "<group>";
		};
/* End PBXGroup section */

/* Begin PBXNativeTarget section */
		D2CC2E1229D49B4600E45A9E /* MovieSearch */ = {
			isa = PBXNativeTarget;
			buildConfigurationList = D2CC2E2729D49B4700E45A9E /* Build configuration list for PBXNativeTarget "MovieSearch" */;
			buildPhases = (
				D2CC2E0F29D49B4600E45A9E /* Sources */,
				D2CC2E1029D49B4600E45A9E /* Frameworks */,
				D2CC2E1129D49B4600E45A9E /* Resources */,
			);
			buildRules = (
			);
			dependencies = (
			);
			name = MovieSearch;
			productName = MovieSearch;
			productReference = D2CC2E1329D49B4600E45A9E /* MovieSearch.app */;
			productType = "com.apple.product-type.application";
		};
/* End PBXNativeTarget section */

/* Begin PBXProject section */
		D2CC2E0B29D49B4600E45A9E /* Project object */ = {
			isa = PBXProject;
			attributes = {
				BuildIndependentTargetsInParallel = 1;
				LastSwiftUpdateCheck = 1420;
				LastUpgradeCheck = 1420;
				TargetAttributes = {
					D2CC2E1229D49B4600E45A9E = {
						CreatedOnToolsVersion = 14.2;
					};
				};
			};
			buildConfigurationList = D2CC2E0E29D49B4600E45A9E /* Build configuration list for PBXProject "MovieSearch" */;
			compatibilityVersion = "Xcode 14.0";
			developmentRegion = en;
			hasScannedForEncodings = 0;
			knownRegions = (
				en,
				Base,
			);
			mainGroup = D2CC2E0A29D49B4600E45A9E;
			productRefGroup = D2CC2E1429D49B4600E45A9E /* Products */;
			projectDirPath = "";
			projectRoot = "";
			targets = (
				D2CC2E1229D49B4600E45A9E /* MovieSearch */,
			);
		};
/* End PBXProject section */

/* Begin PBXResourcesBuildPhase section */
		D2CC2E1129D49B4600E45A9E /* Resources */ = {
			isa = PBXResourcesBuildPhase;
			buildActionMask = 2147483647;
			files = (
				D2CC2E2329D49B4700E45A9E /* LaunchScreen.storyboard in Resources */,
				D2CC2E2029D49B4700E45A9E /* Assets.xcassets in Resources */,
			);
			runOnlyForDeploymentPostprocessing = 0;
		};
/* End PBXResourcesBuildPhase section */

/* Begin PBXSourcesBuildPhase section */
		D2CC2E0F29D49B4600E45A9E /* Sources */ = {
			isa = PBXSourcesBuildPhase;
			buildActionMask = 2147483647;
			files = (
				D21ADEA629D8841C0019359B /* MovieSearchTextField.swift in Sources */,
				D2CC2E3E29D4D45300E45A9E /* NetworkManager.swift in Sources */,
				D21ADEAC29D8C7240019359B /* MovieSearchPlainLabel.swift in Sources */,
				D2CC2E4229D4D81900E45A9E /* MovieInfo.swift in Sources */,
				D2CC2E3429D4C06500E45A9E /* ProfileViewController.swift in Sources */,
				D2CC2E3729D4C32E00E45A9E /* SFSymbols.swift in Sources */,
				D24CAADD29D7469E001EBC65 /* MovieSearchProfileImageView.swift in Sources */,
				D2CC2E3B29D4CF1600E45A9E /* ViewContollerTag.swift in Sources */,
				D2CC2E4429D4DA2E00E45A9E /* MovieSearchError.swift in Sources */,
				D268767229D5919700B468E2 /* MovieSearchTitleLabel.swift in Sources */,
				D21ADEA129D842EF0019359B /* UserInfo.swift in Sources */,
				D24CAAE029D75277001EBC65 /* MovieSearchStackView.swift in Sources */,
				D268767C29D5A4DD00B468E2 /* Date + Ext.swift in Sources */,
				D2FA876F29D6204700D39A3F /* MovieSearchButton.swift in Sources */,
				D268767529D5937600B468E2 /* MovieSearchImageView.swift in Sources */,
				D268767A29D5A49700B468E2 /* String + Ext.swift in Sources */,
				D24CAADB29D731EF001EBC65 /* PersistenceManager.swift in Sources */,
				D21ADEA329D881BF0019359B /* MovieSearchLoginViewController.swift in Sources */,
				D23E89FA29DAF05E00B2E4F2 /* PhotoFileManager.swift in Sources */,
				D2CC2E1B29D49B4600E45A9E /* MainViewController.swift in Sources */,
				D21ADEA829D8927C0019359B /* MovieSearchSignUpViewContoller.swift in Sources */,
				D268767729D59B3200B468E2 /* MovieSearchBodyLabel.swift in Sources */,
				D2CC2E3029D4A18900E45A9E /* SearchTabBarController.swift in Sources */,
				D268766E29D5870600B468E2 /* SearchTableViewCell.swift in Sources */,
				D2FA876C29D5F26800D39A3F /* MovieDescriptionViewController.swift in Sources */,
				D2CC2E4029D4D62100E45A9E /* MoviesList.swift in Sources */,
				D2CC2E1729D49B4600E45A9E /* AppDelegate.swift in Sources */,
				D2CC2E3229D4C01200E45A9E /* FavouritesViewController.swift in Sources */,
				D2CC2E1929D49B4600E45A9E /* SceneDelegate.swift in Sources */,
				D24CAAD929D73146001EBC65 /* User.swift in Sources */,
				D21ADEAA29D8AA3C0019359B /* UIViewController + Ext.swift in Sources */,
				D23FD78129D97E0C00C52763 /* WarningMessage.swift in Sources */,
				D24CAAE429D7733B001EBC65 /* UIView + Ext.swift in Sources */,
			);
			runOnlyForDeploymentPostprocessing = 0;
		};
/* End PBXSourcesBuildPhase section */

/* Begin PBXVariantGroup section */
		D2CC2E2129D49B4700E45A9E /* LaunchScreen.storyboard */ = {
			isa = PBXVariantGroup;
			children = (
				D2CC2E2229D49B4700E45A9E /* Base */,
			);
			name = LaunchScreen.storyboard;
			sourceTree = "<group>";
		};
/* End PBXVariantGroup section */

/* Begin XCBuildConfiguration section */
		D2CC2E2529D49B4700E45A9E /* Debug */ = {
			isa = XCBuildConfiguration;
			buildSettings = {
				ALWAYS_SEARCH_USER_PATHS = NO;
				CLANG_ANALYZER_NONNULL = YES;
				CLANG_ANALYZER_NUMBER_OBJECT_CONVERSION = YES_AGGRESSIVE;
				CLANG_CXX_LANGUAGE_STANDARD = "gnu++20";
				CLANG_ENABLE_MODULES = YES;
				CLANG_ENABLE_OBJC_ARC = YES;
				CLANG_ENABLE_OBJC_WEAK = YES;
				CLANG_WARN_BLOCK_CAPTURE_AUTORELEASING = YES;
				CLANG_WARN_BOOL_CONVERSION = YES;
				CLANG_WARN_COMMA = YES;
				CLANG_WARN_CONSTANT_CONVERSION = YES;
				CLANG_WARN_DEPRECATED_OBJC_IMPLEMENTATIONS = YES;
				CLANG_WARN_DIRECT_OBJC_ISA_USAGE = YES_ERROR;
				CLANG_WARN_DOCUMENTATION_COMMENTS = YES;
				CLANG_WARN_EMPTY_BODY = YES;
				CLANG_WARN_ENUM_CONVERSION = YES;
				CLANG_WARN_INFINITE_RECURSION = YES;
				CLANG_WARN_INT_CONVERSION = YES;
				CLANG_WARN_NON_LITERAL_NULL_CONVERSION = YES;
				CLANG_WARN_OBJC_IMPLICIT_RETAIN_SELF = YES;
				CLANG_WARN_OBJC_LITERAL_CONVERSION = YES;
				CLANG_WARN_OBJC_ROOT_CLASS = YES_ERROR;
				CLANG_WARN_QUOTED_INCLUDE_IN_FRAMEWORK_HEADER = YES;
				CLANG_WARN_RANGE_LOOP_ANALYSIS = YES;
				CLANG_WARN_STRICT_PROTOTYPES = YES;
				CLANG_WARN_SUSPICIOUS_MOVE = YES;
				CLANG_WARN_UNGUARDED_AVAILABILITY = YES_AGGRESSIVE;
				CLANG_WARN_UNREACHABLE_CODE = YES;
				CLANG_WARN__DUPLICATE_METHOD_MATCH = YES;
				COPY_PHASE_STRIP = NO;
				DEBUG_INFORMATION_FORMAT = dwarf;
				ENABLE_STRICT_OBJC_MSGSEND = YES;
				ENABLE_TESTABILITY = YES;
				GCC_C_LANGUAGE_STANDARD = gnu11;
				GCC_DYNAMIC_NO_PIC = NO;
				GCC_NO_COMMON_BLOCKS = YES;
				GCC_OPTIMIZATION_LEVEL = 0;
				GCC_PREPROCESSOR_DEFINITIONS = (
					"DEBUG=1",
					"$(inherited)",
				);
				GCC_WARN_64_TO_32_BIT_CONVERSION = YES;
				GCC_WARN_ABOUT_RETURN_TYPE = YES_ERROR;
				GCC_WARN_UNDECLARED_SELECTOR = YES;
				GCC_WARN_UNINITIALIZED_AUTOS = YES_AGGRESSIVE;
				GCC_WARN_UNUSED_FUNCTION = YES;
				GCC_WARN_UNUSED_VARIABLE = YES;
				IPHONEOS_DEPLOYMENT_TARGET = 16.2;
				MTL_ENABLE_DEBUG_INFO = INCLUDE_SOURCE;
				MTL_FAST_MATH = YES;
				ONLY_ACTIVE_ARCH = YES;
				SDKROOT = iphoneos;
				SWIFT_ACTIVE_COMPILATION_CONDITIONS = DEBUG;
				SWIFT_OPTIMIZATION_LEVEL = "-Onone";
			};
			name = Debug;
		};
		D2CC2E2629D49B4700E45A9E /* Release */ = {
			isa = XCBuildConfiguration;
			buildSettings = {
				ALWAYS_SEARCH_USER_PATHS = NO;
				CLANG_ANALYZER_NONNULL = YES;
				CLANG_ANALYZER_NUMBER_OBJECT_CONVERSION = YES_AGGRESSIVE;
				CLANG_CXX_LANGUAGE_STANDARD = "gnu++20";
				CLANG_ENABLE_MODULES = YES;
				CLANG_ENABLE_OBJC_ARC = YES;
				CLANG_ENABLE_OBJC_WEAK = YES;
				CLANG_WARN_BLOCK_CAPTURE_AUTORELEASING = YES;
				CLANG_WARN_BOOL_CONVERSION = YES;
				CLANG_WARN_COMMA = YES;
				CLANG_WARN_CONSTANT_CONVERSION = YES;
				CLANG_WARN_DEPRECATED_OBJC_IMPLEMENTATIONS = YES;
				CLANG_WARN_DIRECT_OBJC_ISA_USAGE = YES_ERROR;
				CLANG_WARN_DOCUMENTATION_COMMENTS = YES;
				CLANG_WARN_EMPTY_BODY = YES;
				CLANG_WARN_ENUM_CONVERSION = YES;
				CLANG_WARN_INFINITE_RECURSION = YES;
				CLANG_WARN_INT_CONVERSION = YES;
				CLANG_WARN_NON_LITERAL_NULL_CONVERSION = YES;
				CLANG_WARN_OBJC_IMPLICIT_RETAIN_SELF = YES;
				CLANG_WARN_OBJC_LITERAL_CONVERSION = YES;
				CLANG_WARN_OBJC_ROOT_CLASS = YES_ERROR;
				CLANG_WARN_QUOTED_INCLUDE_IN_FRAMEWORK_HEADER = YES;
				CLANG_WARN_RANGE_LOOP_ANALYSIS = YES;
				CLANG_WARN_STRICT_PROTOTYPES = YES;
				CLANG_WARN_SUSPICIOUS_MOVE = YES;
				CLANG_WARN_UNGUARDED_AVAILABILITY = YES_AGGRESSIVE;
				CLANG_WARN_UNREACHABLE_CODE = YES;
				CLANG_WARN__DUPLICATE_METHOD_MATCH = YES;
				COPY_PHASE_STRIP = NO;
				DEBUG_INFORMATION_FORMAT = "dwarf-with-dsym";
				ENABLE_NS_ASSERTIONS = NO;
				ENABLE_STRICT_OBJC_MSGSEND = YES;
				GCC_C_LANGUAGE_STANDARD = gnu11;
				GCC_NO_COMMON_BLOCKS = YES;
				GCC_WARN_64_TO_32_BIT_CONVERSION = YES;
				GCC_WARN_ABOUT_RETURN_TYPE = YES_ERROR;
				GCC_WARN_UNDECLARED_SELECTOR = YES;
				GCC_WARN_UNINITIALIZED_AUTOS = YES_AGGRESSIVE;
				GCC_WARN_UNUSED_FUNCTION = YES;
				GCC_WARN_UNUSED_VARIABLE = YES;
				IPHONEOS_DEPLOYMENT_TARGET = 16.2;
				MTL_ENABLE_DEBUG_INFO = NO;
				MTL_FAST_MATH = YES;
				SDKROOT = iphoneos;
				SWIFT_COMPILATION_MODE = wholemodule;
				SWIFT_OPTIMIZATION_LEVEL = "-O";
				VALIDATE_PRODUCT = YES;
			};
			name = Release;
		};
		D2CC2E2829D49B4700E45A9E /* Debug */ = {
			isa = XCBuildConfiguration;
			buildSettings = {
				ASSETCATALOG_COMPILER_APPICON_NAME = AppIcon;
				ASSETCATALOG_COMPILER_GLOBAL_ACCENT_COLOR_NAME = AccentColor;
				CODE_SIGN_STYLE = Automatic;
				CURRENT_PROJECT_VERSION = 1;
				DEVELOPMENT_TEAM = 9A42QJ5QL6;
				GENERATE_INFOPLIST_FILE = YES;
				INFOPLIST_FILE = MovieSearch/Info.plist;
				INFOPLIST_KEY_UIApplicationSupportsIndirectInputEvents = YES;
				INFOPLIST_KEY_UILaunchStoryboardName = LaunchScreen;
				INFOPLIST_KEY_UISupportedInterfaceOrientations = UIInterfaceOrientationPortrait;
				INFOPLIST_KEY_UISupportedInterfaceOrientations_iPad = "UIInterfaceOrientationLandscapeLeft UIInterfaceOrientationLandscapeRight UIInterfaceOrientationPortrait";
				IPHONEOS_DEPLOYMENT_TARGET = 15.0;
				LD_RUNPATH_SEARCH_PATHS = (
					"$(inherited)",
					"@executable_path/Frameworks",
				);
				MARKETING_VERSION = 1.0;
				PRODUCT_BUNDLE_IDENTIFIER = com.example.MovieSearch2;
				PRODUCT_NAME = "$(TARGET_NAME)";
				SUPPORTED_PLATFORMS = "iphoneos iphonesimulator";
				SUPPORTS_MACCATALYST = NO;
				SUPPORTS_MAC_DESIGNED_FOR_IPHONE_IPAD = NO;
				SWIFT_EMIT_LOC_STRINGS = YES;
				SWIFT_VERSION = 5.0;
				TARGETED_DEVICE_FAMILY = 1;
			};
			name = Debug;
		};
		D2CC2E2929D49B4700E45A9E /* Release */ = {
			isa = XCBuildConfiguration;
			buildSettings = {
				ASSETCATALOG_COMPILER_APPICON_NAME = AppIcon;
				ASSETCATALOG_COMPILER_GLOBAL_ACCENT_COLOR_NAME = AccentColor;
				CODE_SIGN_STYLE = Automatic;
				CURRENT_PROJECT_VERSION = 1;
				DEVELOPMENT_TEAM = 9A42QJ5QL6;
				GENERATE_INFOPLIST_FILE = YES;
				INFOPLIST_FILE = MovieSearch/Info.plist;
				INFOPLIST_KEY_UIApplicationSupportsIndirectInputEvents = YES;
				INFOPLIST_KEY_UILaunchStoryboardName = LaunchScreen;
				INFOPLIST_KEY_UISupportedInterfaceOrientations = UIInterfaceOrientationPortrait;
				INFOPLIST_KEY_UISupportedInterfaceOrientations_iPad = "UIInterfaceOrientationLandscapeLeft UIInterfaceOrientationLandscapeRight UIInterfaceOrientationPortrait";
				IPHONEOS_DEPLOYMENT_TARGET = 15.0;
				LD_RUNPATH_SEARCH_PATHS = (
					"$(inherited)",
					"@executable_path/Frameworks",
				);
				MARKETING_VERSION = 1.0;
				PRODUCT_BUNDLE_IDENTIFIER = com.example.MovieSearch1;
				PRODUCT_NAME = "$(TARGET_NAME)";
				SUPPORTED_PLATFORMS = "iphoneos iphonesimulator";
				SUPPORTS_MACCATALYST = NO;
				SUPPORTS_MAC_DESIGNED_FOR_IPHONE_IPAD = NO;
				SWIFT_EMIT_LOC_STRINGS = YES;
				SWIFT_VERSION = 5.0;
				TARGETED_DEVICE_FAMILY = 1;
			};
			name = Release;
		};
/* End XCBuildConfiguration section */

/* Begin XCConfigurationList section */
		D2CC2E0E29D49B4600E45A9E /* Build configuration list for PBXProject "MovieSearch" */ = {
			isa = XCConfigurationList;
			buildConfigurations = (
				D2CC2E2529D49B4700E45A9E /* Debug */,
				D2CC2E2629D49B4700E45A9E /* Release */,
			);
			defaultConfigurationIsVisible = 0;
			defaultConfigurationName = Release;
		};
		D2CC2E2729D49B4700E45A9E /* Build configuration list for PBXNativeTarget "MovieSearch" */ = {
			isa = XCConfigurationList;
			buildConfigurations = (
				D2CC2E2829D49B4700E45A9E /* Debug */,
				D2CC2E2929D49B4700E45A9E /* Release */,
			);
			defaultConfigurationIsVisible = 0;
			defaultConfigurationName = Release;
		};
/* End XCConfigurationList section */
	};
	rootObject = D2CC2E0B29D49B4600E45A9E /* Project object */;
}
